// !$*UTF8*$!
{
	archiveVersion = 1;
	classes = {
	};
	objectVersion = 56;
	objects = {

/* Begin PBXBuildFile section */
		672468D22C26E618003F4849 /* DIGITALDREAM.ttf in Resources */ = {isa = PBXBuildFile; fileRef = 672468D12C26E618003F4849 /* DIGITALDREAM.ttf */; };
		672468D52C26E9C2003F4849 /* CardContent.swift in Sources */ = {isa = PBXBuildFile; fileRef = 672468D42C26E9C2003F4849 /* CardContent.swift */; };
		672468D72C27C9CC003F4849 /* TimerButtons.swift in Sources */ = {isa = PBXBuildFile; fileRef = 672468D62C27C9CC003F4849 /* TimerButtons.swift */; };
		672468DB2C27EA69003F4849 /* DailyUVChart.swift in Sources */ = {isa = PBXBuildFile; fileRef = 672468DA2C27EA69003F4849 /* DailyUVChart.swift */; };
		672468DD2C2803EF003F4849 /* TimerView.swift in Sources */ = {isa = PBXBuildFile; fileRef = 672468DC2C2803EF003F4849 /* TimerView.swift */; };
		672468DF2C2E5A21003F4849 /* ToggleButton.swift in Sources */ = {isa = PBXBuildFile; fileRef = 672468DE2C2E5A21003F4849 /* ToggleButton.swift */; };
		672468E12C2F9509003F4849 /* UVIndexInfo.swift in Sources */ = {isa = PBXBuildFile; fileRef = 672468E02C2F9509003F4849 /* UVIndexInfo.swift */; };
		672468E32C2FA092003F4849 /* SkinTypeInfo.swift in Sources */ = {isa = PBXBuildFile; fileRef = 672468E22C2FA092003F4849 /* SkinTypeInfo.swift */; };
		67355B6D2C225E7900136FB7 /* SunShieldApp.swift in Sources */ = {isa = PBXBuildFile; fileRef = 67355B6C2C225E7900136FB7 /* SunShieldApp.swift */; };
		67355B6F2C225E7900136FB7 /* SunShieldInterface.swift in Sources */ = {isa = PBXBuildFile; fileRef = 67355B6E2C225E7900136FB7 /* SunShieldInterface.swift */; };
		67355B712C225E7A00136FB7 /* Assets.xcassets in Resources */ = {isa = PBXBuildFile; fileRef = 67355B702C225E7A00136FB7 /* Assets.xcassets */; };
		67355B742C225E7A00136FB7 /* Preview Assets.xcassets in Resources */ = {isa = PBXBuildFile; fileRef = 67355B732C225E7A00136FB7 /* Preview Assets.xcassets */; };
		67355B812C22613D00136FB7 /* WelcomeView.swift in Sources */ = {isa = PBXBuildFile; fileRef = 67355B802C22613D00136FB7 /* WelcomeView.swift */; };
		67355B842C2261B500136FB7 /* DeviceLocationService.swift in Sources */ = {isa = PBXBuildFile; fileRef = 67355B832C2261B500136FB7 /* DeviceLocationService.swift */; };
		67355B862C226F1A00136FB7 /* Weather.swift in Sources */ = {isa = PBXBuildFile; fileRef = 67355B852C226F1A00136FB7 /* Weather.swift */; };
		67355B882C226F2600136FB7 /* UserProfile.swift in Sources */ = {isa = PBXBuildFile; fileRef = 67355B872C226F2600136FB7 /* UserProfile.swift */; };
		67355B8A2C228B5B00136FB7 /* NetworkManager.swift in Sources */ = {isa = PBXBuildFile; fileRef = 67355B892C228B5B00136FB7 /* NetworkManager.swift */; };
		67355B8E2C2296BB00136FB7 /* WeatherManager.swift in Sources */ = {isa = PBXBuildFile; fileRef = 67355B8D2C2296BB00136FB7 /* WeatherManager.swift */; };
		67355B902C2296D200136FB7 /* WeatherService.swift in Sources */ = {isa = PBXBuildFile; fileRef = 67355B8F2C2296D200136FB7 /* WeatherService.swift */; };
		67355B952C23D32A00136FB7 /* Extensions.swift in Sources */ = {isa = PBXBuildFile; fileRef = 67355B942C23D32A00136FB7 /* Extensions.swift */; };
		67355B9C2C250D4B00136FB7 /* UserManager.swift in Sources */ = {isa = PBXBuildFile; fileRef = 67355B9B2C250D4B00136FB7 /* UserManager.swift */; };
		67355BA22C2557E600136FB7 /* SettingsPage.swift in Sources */ = {isa = PBXBuildFile; fileRef = 67355BA12C2557E600136FB7 /* SettingsPage.swift */; };
		67355BA42C258DFA00136FB7 /* UVIndexModifier.swift in Sources */ = {isa = PBXBuildFile; fileRef = 67355BA32C258DFA00136FB7 /* UVIndexModifier.swift */; };
		67D829382C34E4160064F6C0 /* SunShieldTests.swift in Sources */ = {isa = PBXBuildFile; fileRef = 67D829372C34E4160064F6C0 /* SunShieldTests.swift */; };
		67D829542C3502570064F6C0 /* SunShieldUITests.swift in Sources */ = {isa = PBXBuildFile; fileRef = 67D829532C3502570064F6C0 /* SunShieldUITests.swift */; };
		67D829562C3502570064F6C0 /* SunShieldUITestsLaunchTests.swift in Sources */ = {isa = PBXBuildFile; fileRef = 67D829552C3502570064F6C0 /* SunShieldUITestsLaunchTests.swift */; };
/* End PBXBuildFile section */

/* Begin PBXContainerItemProxy section */
		67D829392C34E4160064F6C0 /* PBXContainerItemProxy */ = {
			isa = PBXContainerItemProxy;
			containerPortal = 67355B612C225E7900136FB7 /* Project object */;
			proxyType = 1;
			remoteGlobalIDString = 67355B682C225E7900136FB7;
			remoteInfo = SunShield;
		};
		67D829572C3502570064F6C0 /* PBXContainerItemProxy */ = {
			isa = PBXContainerItemProxy;
			containerPortal = 67355B612C225E7900136FB7 /* Project object */;
			proxyType = 1;
			remoteGlobalIDString = 67355B682C225E7900136FB7;
			remoteInfo = SunShield;
		};
/* End PBXContainerItemProxy section */

/* Begin PBXFileReference section */
		672468D12C26E618003F4849 /* DIGITALDREAM.ttf */ = {isa = PBXFileReference; lastKnownFileType = file; path = DIGITALDREAM.ttf; sourceTree = "<group>"; };
		672468D32C26E67C003F4849 /* Info.plist */ = {isa = PBXFileReference; lastKnownFileType = text.plist; path = Info.plist; sourceTree = "<group>"; };
		672468D42C26E9C2003F4849 /* CardContent.swift */ = {isa = PBXFileReference; lastKnownFileType = sourcecode.swift; path = CardContent.swift; sourceTree = "<group>"; };
		672468D62C27C9CC003F4849 /* TimerButtons.swift */ = {isa = PBXFileReference; lastKnownFileType = sourcecode.swift; path = TimerButtons.swift; sourceTree = "<group>"; };
		672468DA2C27EA69003F4849 /* DailyUVChart.swift */ = {isa = PBXFileReference; lastKnownFileType = sourcecode.swift; path = DailyUVChart.swift; sourceTree = "<group>"; };
		672468DC2C2803EF003F4849 /* TimerView.swift */ = {isa = PBXFileReference; lastKnownFileType = sourcecode.swift; path = TimerView.swift; sourceTree = "<group>"; };
		672468DE2C2E5A21003F4849 /* ToggleButton.swift */ = {isa = PBXFileReference; lastKnownFileType = sourcecode.swift; path = ToggleButton.swift; sourceTree = "<group>"; };
		672468E02C2F9509003F4849 /* UVIndexInfo.swift */ = {isa = PBXFileReference; lastKnownFileType = sourcecode.swift; path = UVIndexInfo.swift; sourceTree = "<group>"; };
		672468E22C2FA092003F4849 /* SkinTypeInfo.swift */ = {isa = PBXFileReference; lastKnownFileType = sourcecode.swift; path = SkinTypeInfo.swift; sourceTree = "<group>"; };
		67355B692C225E7900136FB7 /* SunShield.app */ = {isa = PBXFileReference; explicitFileType = wrapper.application; includeInIndex = 0; path = SunShield.app; sourceTree = BUILT_PRODUCTS_DIR; };
		67355B6C2C225E7900136FB7 /* SunShieldApp.swift */ = {isa = PBXFileReference; lastKnownFileType = sourcecode.swift; path = SunShieldApp.swift; sourceTree = "<group>"; };
		67355B6E2C225E7900136FB7 /* SunShieldInterface.swift */ = {isa = PBXFileReference; lastKnownFileType = sourcecode.swift; path = SunShieldInterface.swift; sourceTree = "<group>"; };
		67355B702C225E7A00136FB7 /* Assets.xcassets */ = {isa = PBXFileReference; lastKnownFileType = folder.assetcatalog; path = Assets.xcassets; sourceTree = "<group>"; };
		67355B732C225E7A00136FB7 /* Preview Assets.xcassets */ = {isa = PBXFileReference; lastKnownFileType = folder.assetcatalog; path = "Preview Assets.xcassets"; sourceTree = "<group>"; };
		67355B802C22613D00136FB7 /* WelcomeView.swift */ = {isa = PBXFileReference; lastKnownFileType = sourcecode.swift; path = WelcomeView.swift; sourceTree = "<group>"; };
		67355B832C2261B500136FB7 /* DeviceLocationService.swift */ = {isa = PBXFileReference; lastKnownFileType = sourcecode.swift; path = DeviceLocationService.swift; sourceTree = "<group>"; };
		67355B852C226F1A00136FB7 /* Weather.swift */ = {isa = PBXFileReference; lastKnownFileType = sourcecode.swift; path = Weather.swift; sourceTree = "<group>"; };
		67355B872C226F2600136FB7 /* UserProfile.swift */ = {isa = PBXFileReference; lastKnownFileType = sourcecode.swift; path = UserProfile.swift; sourceTree = "<group>"; };
		67355B892C228B5B00136FB7 /* NetworkManager.swift */ = {isa = PBXFileReference; lastKnownFileType = sourcecode.swift; path = NetworkManager.swift; sourceTree = "<group>"; };
		67355B8D2C2296BB00136FB7 /* WeatherManager.swift */ = {isa = PBXFileReference; lastKnownFileType = sourcecode.swift; path = WeatherManager.swift; sourceTree = "<group>"; };
		67355B8F2C2296D200136FB7 /* WeatherService.swift */ = {isa = PBXFileReference; lastKnownFileType = sourcecode.swift; path = WeatherService.swift; sourceTree = "<group>"; };
		67355B942C23D32A00136FB7 /* Extensions.swift */ = {isa = PBXFileReference; lastKnownFileType = sourcecode.swift; path = Extensions.swift; sourceTree = "<group>"; };
		67355B962C23D8BF00136FB7 /* SunShieldDebug.entitlements */ = {isa = PBXFileReference; lastKnownFileType = text.plist.entitlements; path = SunShieldDebug.entitlements; sourceTree = "<group>"; };
		67355B9B2C250D4B00136FB7 /* UserManager.swift */ = {isa = PBXFileReference; lastKnownFileType = sourcecode.swift; path = UserManager.swift; sourceTree = "<group>"; };
		67355BA12C2557E600136FB7 /* SettingsPage.swift */ = {isa = PBXFileReference; lastKnownFileType = sourcecode.swift; path = SettingsPage.swift; sourceTree = "<group>"; };
		67355BA32C258DFA00136FB7 /* UVIndexModifier.swift */ = {isa = PBXFileReference; lastKnownFileType = sourcecode.swift; path = UVIndexModifier.swift; sourceTree = "<group>"; };
		67D829352C34E4160064F6C0 /* SunShieldTests.xctest */ = {isa = PBXFileReference; explicitFileType = wrapper.cfbundle; includeInIndex = 0; path = SunShieldTests.xctest; sourceTree = BUILT_PRODUCTS_DIR; };
		67D829372C34E4160064F6C0 /* SunShieldTests.swift */ = {isa = PBXFileReference; lastKnownFileType = sourcecode.swift; path = SunShieldTests.swift; sourceTree = "<group>"; };
		67D829512C3502570064F6C0 /* SunShieldUITests.xctest */ = {isa = PBXFileReference; explicitFileType = wrapper.cfbundle; includeInIndex = 0; path = SunShieldUITests.xctest; sourceTree = BUILT_PRODUCTS_DIR; };
		67D829532C3502570064F6C0 /* SunShieldUITests.swift */ = {isa = PBXFileReference; lastKnownFileType = sourcecode.swift; path = SunShieldUITests.swift; sourceTree = "<group>"; };
		67D829552C3502570064F6C0 /* SunShieldUITestsLaunchTests.swift */ = {isa = PBXFileReference; lastKnownFileType = sourcecode.swift; path = SunShieldUITestsLaunchTests.swift; sourceTree = "<group>"; };
/* End PBXFileReference section */

/* Begin PBXFrameworksBuildPhase section */
		67355B662C225E7900136FB7 /* Frameworks */ = {
			isa = PBXFrameworksBuildPhase;
			buildActionMask = 2147483647;
			files = (
			);
			runOnlyForDeploymentPostprocessing = 0;
		};
		67D829322C34E4160064F6C0 /* Frameworks */ = {
			isa = PBXFrameworksBuildPhase;
			buildActionMask = 2147483647;
			files = (
			);
			runOnlyForDeploymentPostprocessing = 0;
		};
		67D8294E2C3502570064F6C0 /* Frameworks */ = {
			isa = PBXFrameworksBuildPhase;
			buildActionMask = 2147483647;
			files = (
			);
			runOnlyForDeploymentPostprocessing = 0;
		};
/* End PBXFrameworksBuildPhase section */

/* Begin PBXGroup section */
		67355B602C225E7900136FB7 = {
			isa = PBXGroup;
			children = (
				67355B6B2C225E7900136FB7 /* SunShield */,
				67D829362C34E4160064F6C0 /* SunShieldTests */,
				67D829522C3502570064F6C0 /* SunShieldUITests */,
				67355B6A2C225E7900136FB7 /* Products */,
			);
			sourceTree = "<group>";
		};
		67355B6A2C225E7900136FB7 /* Products */ = {
			isa = PBXGroup;
			children = (
				67355B692C225E7900136FB7 /* SunShield.app */,
				67D829352C34E4160064F6C0 /* SunShieldTests.xctest */,
				67D829512C3502570064F6C0 /* SunShieldUITests.xctest */,
			);
			name = Products;
			sourceTree = "<group>";
		};
		67355B6B2C225E7900136FB7 /* SunShield */ = {
			isa = PBXGroup;
			children = (
				672468D32C26E67C003F4849 /* Info.plist */,
				67355B962C23D8BF00136FB7 /* SunShieldDebug.entitlements */,
				67355B8C2C2295F200136FB7 /* Services */,
				67355B7F2C225FFD00136FB7 /* Model */,
				67355B7D2C225FE900136FB7 /* View */,
				67355B7B2C225FA000136FB7 /* Common */,
				67355B7A2C225F7E00136FB7 /* NetworkLayer */,
				67355B6C2C225E7900136FB7 /* SunShieldApp.swift */,
				67355B7E2C225FF200136FB7 /* ViewModel */,
				67355B702C225E7A00136FB7 /* Assets.xcassets */,
				672468D12C26E618003F4849 /* DIGITALDREAM.ttf */,
				67355B722C225E7A00136FB7 /* Preview Content */,
			);
			path = SunShield;
			sourceTree = "<group>";
		};
		67355B722C225E7A00136FB7 /* Preview Content */ = {
			isa = PBXGroup;
			children = (
				67355B732C225E7A00136FB7 /* Preview Assets.xcassets */,
			);
			path = "Preview Content";
			sourceTree = "<group>";
		};
		67355B7A2C225F7E00136FB7 /* NetworkLayer */ = {
			isa = PBXGroup;
			children = (
				67355B892C228B5B00136FB7 /* NetworkManager.swift */,
			);
			path = NetworkLayer;
			sourceTree = "<group>";
		};
		67355B7B2C225FA000136FB7 /* Common */ = {
			isa = PBXGroup;
			children = (
				67355B942C23D32A00136FB7 /* Extensions.swift */,
			);
			path = Common;
			sourceTree = "<group>";
		};
		67355B7D2C225FE900136FB7 /* View */ = {
			isa = PBXGroup;
			children = (
				67355B6E2C225E7900136FB7 /* SunShieldInterface.swift */,
				672468D42C26E9C2003F4849 /* CardContent.swift */,
				67355BA12C2557E600136FB7 /* SettingsPage.swift */,
				67355B802C22613D00136FB7 /* WelcomeView.swift */,
				672468DE2C2E5A21003F4849 /* ToggleButton.swift */,
				67355BA32C258DFA00136FB7 /* UVIndexModifier.swift */,
				672468D62C27C9CC003F4849 /* TimerButtons.swift */,
				672468DA2C27EA69003F4849 /* DailyUVChart.swift */,
				672468DC2C2803EF003F4849 /* TimerView.swift */,
				672468E02C2F9509003F4849 /* UVIndexInfo.swift */,
				672468E22C2FA092003F4849 /* SkinTypeInfo.swift */,
			);
			path = View;
			sourceTree = "<group>";
		};
		67355B7E2C225FF200136FB7 /* ViewModel */ = {
			isa = PBXGroup;
			children = (
				67355B8D2C2296BB00136FB7 /* WeatherManager.swift */,
				67355B9B2C250D4B00136FB7 /* UserManager.swift */,
			);
			path = ViewModel;
			sourceTree = "<group>";
		};
		67355B7F2C225FFD00136FB7 /* Model */ = {
			isa = PBXGroup;
			children = (
				67355B852C226F1A00136FB7 /* Weather.swift */,
				67355B872C226F2600136FB7 /* UserProfile.swift */,
			);
			path = Model;
			sourceTree = "<group>";
		};
		67355B8C2C2295F200136FB7 /* Services */ = {
			isa = PBXGroup;
			children = (
				67355B832C2261B500136FB7 /* DeviceLocationService.swift */,
				67355B8F2C2296D200136FB7 /* WeatherService.swift */,
			);
			path = Services;
			sourceTree = "<group>";
		};
		67D829362C34E4160064F6C0 /* SunShieldTests */ = {
			isa = PBXGroup;
			children = (
				67D829372C34E4160064F6C0 /* SunShieldTests.swift */,
			);
			path = SunShieldTests;
			sourceTree = "<group>";
		};
		67D829522C3502570064F6C0 /* SunShieldUITests */ = {
			isa = PBXGroup;
			children = (
				67D829532C3502570064F6C0 /* SunShieldUITests.swift */,
				67D829552C3502570064F6C0 /* SunShieldUITestsLaunchTests.swift */,
			);
			path = SunShieldUITests;
			sourceTree = "<group>";
		};
/* End PBXGroup section */

/* Begin PBXNativeTarget section */
		67355B682C225E7900136FB7 /* SunShield */ = {
			isa = PBXNativeTarget;
			buildConfigurationList = 67355B772C225E7A00136FB7 /* Build configuration list for PBXNativeTarget "SunShield" */;
			buildPhases = (
				67355B652C225E7900136FB7 /* Sources */,
				67355B662C225E7900136FB7 /* Frameworks */,
				67355B672C225E7900136FB7 /* Resources */,
			);
			buildRules = (
			);
			dependencies = (
			);
			name = SunShield;
			productName = SunShield;
			productReference = 67355B692C225E7900136FB7 /* SunShield.app */;
			productType = "com.apple.product-type.application";
		};
		67D829342C34E4160064F6C0 /* SunShieldTests */ = {
			isa = PBXNativeTarget;
			buildConfigurationList = 67D8293D2C34E4160064F6C0 /* Build configuration list for PBXNativeTarget "SunShieldTests" */;
			buildPhases = (
				67D829312C34E4160064F6C0 /* Sources */,
				67D829322C34E4160064F6C0 /* Frameworks */,
				67D829332C34E4160064F6C0 /* Resources */,
			);
			buildRules = (
			);
			dependencies = (
				67D8293A2C34E4160064F6C0 /* PBXTargetDependency */,
			);
			name = SunShieldTests;
			productName = SunShieldTests;
			productReference = 67D829352C34E4160064F6C0 /* SunShieldTests.xctest */;
			productType = "com.apple.product-type.bundle.unit-test";
		};
		67D829502C3502570064F6C0 /* SunShieldUITests */ = {
			isa = PBXNativeTarget;
			buildConfigurationList = 67D829592C3502570064F6C0 /* Build configuration list for PBXNativeTarget "SunShieldUITests" */;
			buildPhases = (
				67D8294D2C3502570064F6C0 /* Sources */,
				67D8294E2C3502570064F6C0 /* Frameworks */,
				67D8294F2C3502570064F6C0 /* Resources */,
			);
			buildRules = (
			);
			dependencies = (
				67D829582C3502570064F6C0 /* PBXTargetDependency */,
			);
			name = SunShieldUITests;
			productName = SunShieldUITests;
			productReference = 67D829512C3502570064F6C0 /* SunShieldUITests.xctest */;
			productType = "com.apple.product-type.bundle.ui-testing";
		};
/* End PBXNativeTarget section */

/* Begin PBXProject section */
		67355B612C225E7900136FB7 /* Project object */ = {
			isa = PBXProject;
			attributes = {
				BuildIndependentTargetsInParallel = 1;
				LastSwiftUpdateCheck = 1540;
				LastUpgradeCheck = 1540;
				TargetAttributes = {
					67355B682C225E7900136FB7 = {
						CreatedOnToolsVersion = 15.4;
					};
					67D829342C34E4160064F6C0 = {
						CreatedOnToolsVersion = 15.4;
						TestTargetID = 67355B682C225E7900136FB7;
					};
					67D829502C3502570064F6C0 = {
						CreatedOnToolsVersion = 15.4;
						TestTargetID = 67355B682C225E7900136FB7;
					};
				};
			};
			buildConfigurationList = 67355B642C225E7900136FB7 /* Build configuration list for PBXProject "SunShield" */;
			compatibilityVersion = "Xcode 14.0";
			developmentRegion = en;
			hasScannedForEncodings = 0;
			knownRegions = (
				en,
				Base,
			);
			mainGroup = 67355B602C225E7900136FB7;
			productRefGroup = 67355B6A2C225E7900136FB7 /* Products */;
			projectDirPath = "";
			projectRoot = "";
			targets = (
				67355B682C225E7900136FB7 /* SunShield */,
				67D829342C34E4160064F6C0 /* SunShieldTests */,
				67D829502C3502570064F6C0 /* SunShieldUITests */,
			);
		};
/* End PBXProject section */

/* Begin PBXResourcesBuildPhase section */
		67355B672C225E7900136FB7 /* Resources */ = {
			isa = PBXResourcesBuildPhase;
			buildActionMask = 2147483647;
			files = (
				67355B742C225E7A00136FB7 /* Preview Assets.xcassets in Resources */,
				67355B712C225E7A00136FB7 /* Assets.xcassets in Resources */,
				672468D22C26E618003F4849 /* DIGITALDREAM.ttf in Resources */,
			);
			runOnlyForDeploymentPostprocessing = 0;
		};
		67D829332C34E4160064F6C0 /* Resources */ = {
			isa = PBXResourcesBuildPhase;
			buildActionMask = 2147483647;
			files = (
			);
			runOnlyForDeploymentPostprocessing = 0;
		};
		67D8294F2C3502570064F6C0 /* Resources */ = {
			isa = PBXResourcesBuildPhase;
			buildActionMask = 2147483647;
			files = (
			);
			runOnlyForDeploymentPostprocessing = 0;
		};
/* End PBXResourcesBuildPhase section */

/* Begin PBXSourcesBuildPhase section */
		67355B652C225E7900136FB7 /* Sources */ = {
			isa = PBXSourcesBuildPhase;
			buildActionMask = 2147483647;
			files = (
				67355BA22C2557E600136FB7 /* SettingsPage.swift in Sources */,
				672468D52C26E9C2003F4849 /* CardContent.swift in Sources */,
				67355B842C2261B500136FB7 /* DeviceLocationService.swift in Sources */,
				67355BA42C258DFA00136FB7 /* UVIndexModifier.swift in Sources */,
				67355B902C2296D200136FB7 /* WeatherService.swift in Sources */,
				67355B6F2C225E7900136FB7 /* SunShieldInterface.swift in Sources */,
				67355B8E2C2296BB00136FB7 /* WeatherManager.swift in Sources */,
				672468DD2C2803EF003F4849 /* TimerView.swift in Sources */,
				672468E32C2FA092003F4849 /* SkinTypeInfo.swift in Sources */,
				672468E12C2F9509003F4849 /* UVIndexInfo.swift in Sources */,
				67355B882C226F2600136FB7 /* UserProfile.swift in Sources */,
				67355B9C2C250D4B00136FB7 /* UserManager.swift in Sources */,
				67355B952C23D32A00136FB7 /* Extensions.swift in Sources */,
				67355B8A2C228B5B00136FB7 /* NetworkManager.swift in Sources */,
				67355B812C22613D00136FB7 /* WelcomeView.swift in Sources */,
				672468DF2C2E5A21003F4849 /* ToggleButton.swift in Sources */,
				67355B6D2C225E7900136FB7 /* SunShieldApp.swift in Sources */,
				672468DB2C27EA69003F4849 /* DailyUVChart.swift in Sources */,
				67355B862C226F1A00136FB7 /* Weather.swift in Sources */,
				672468D72C27C9CC003F4849 /* TimerButtons.swift in Sources */,
			);
			runOnlyForDeploymentPostprocessing = 0;
		};
		67D829312C34E4160064F6C0 /* Sources */ = {
			isa = PBXSourcesBuildPhase;
			buildActionMask = 2147483647;
			files = (
				67D829382C34E4160064F6C0 /* SunShieldTests.swift in Sources */,
			);
			runOnlyForDeploymentPostprocessing = 0;
		};
		67D8294D2C3502570064F6C0 /* Sources */ = {
			isa = PBXSourcesBuildPhase;
			buildActionMask = 2147483647;
			files = (
				67D829562C3502570064F6C0 /* SunShieldUITestsLaunchTests.swift in Sources */,
				67D829542C3502570064F6C0 /* SunShieldUITests.swift in Sources */,
			);
			runOnlyForDeploymentPostprocessing = 0;
		};
/* End PBXSourcesBuildPhase section */

/* Begin PBXTargetDependency section */
		67D8293A2C34E4160064F6C0 /* PBXTargetDependency */ = {
			isa = PBXTargetDependency;
			target = 67355B682C225E7900136FB7 /* SunShield */;
			targetProxy = 67D829392C34E4160064F6C0 /* PBXContainerItemProxy */;
		};
		67D829582C3502570064F6C0 /* PBXTargetDependency */ = {
			isa = PBXTargetDependency;
			target = 67355B682C225E7900136FB7 /* SunShield */;
			targetProxy = 67D829572C3502570064F6C0 /* PBXContainerItemProxy */;
		};
/* End PBXTargetDependency section */

/* Begin XCBuildConfiguration section */
		67355B752C225E7A00136FB7 /* Debug */ = {
			isa = XCBuildConfiguration;
			buildSettings = {
				ALWAYS_SEARCH_USER_PATHS = NO;
				ASSETCATALOG_COMPILER_GENERATE_SWIFT_ASSET_SYMBOL_EXTENSIONS = YES;
				CLANG_ANALYZER_NONNULL = YES;
				CLANG_ANALYZER_NUMBER_OBJECT_CONVERSION = YES_AGGRESSIVE;
				CLANG_CXX_LANGUAGE_STANDARD = "gnu++20";
				CLANG_ENABLE_MODULES = YES;
				CLANG_ENABLE_OBJC_ARC = YES;
				CLANG_ENABLE_OBJC_WEAK = YES;
				CLANG_WARN_BLOCK_CAPTURE_AUTORELEASING = YES;
				CLANG_WARN_BOOL_CONVERSION = YES;
				CLANG_WARN_COMMA = YES;
				CLANG_WARN_CONSTANT_CONVERSION = YES;
				CLANG_WARN_DEPRECATED_OBJC_IMPLEMENTATIONS = YES;
				CLANG_WARN_DIRECT_OBJC_ISA_USAGE = YES_ERROR;
				CLANG_WARN_DOCUMENTATION_COMMENTS = YES;
				CLANG_WARN_EMPTY_BODY = YES;
				CLANG_WARN_ENUM_CONVERSION = YES;
				CLANG_WARN_INFINITE_RECURSION = YES;
				CLANG_WARN_INT_CONVERSION = YES;
				CLANG_WARN_NON_LITERAL_NULL_CONVERSION = YES;
				CLANG_WARN_OBJC_IMPLICIT_RETAIN_SELF = YES;
				CLANG_WARN_OBJC_LITERAL_CONVERSION = YES;
				CLANG_WARN_OBJC_ROOT_CLASS = YES_ERROR;
				CLANG_WARN_QUOTED_INCLUDE_IN_FRAMEWORK_HEADER = YES;
				CLANG_WARN_RANGE_LOOP_ANALYSIS = YES;
				CLANG_WARN_STRICT_PROTOTYPES = YES;
				CLANG_WARN_SUSPICIOUS_MOVE = YES;
				CLANG_WARN_UNGUARDED_AVAILABILITY = YES_AGGRESSIVE;
				CLANG_WARN_UNREACHABLE_CODE = YES;
				CLANG_WARN__DUPLICATE_METHOD_MATCH = YES;
				COPY_PHASE_STRIP = NO;
				DEBUG_INFORMATION_FORMAT = dwarf;
				ENABLE_STRICT_OBJC_MSGSEND = YES;
				ENABLE_TESTABILITY = YES;
				ENABLE_USER_SCRIPT_SANDBOXING = YES;
				GCC_C_LANGUAGE_STANDARD = gnu17;
				GCC_DYNAMIC_NO_PIC = NO;
				GCC_NO_COMMON_BLOCKS = YES;
				GCC_OPTIMIZATION_LEVEL = 0;
				GCC_PREPROCESSOR_DEFINITIONS = (
					"DEBUG=1",
					"$(inherited)",
				);
				GCC_WARN_64_TO_32_BIT_CONVERSION = YES;
				GCC_WARN_ABOUT_RETURN_TYPE = YES_ERROR;
				GCC_WARN_UNDECLARED_SELECTOR = YES;
				GCC_WARN_UNINITIALIZED_AUTOS = YES_AGGRESSIVE;
				GCC_WARN_UNUSED_FUNCTION = YES;
				GCC_WARN_UNUSED_VARIABLE = YES;
				IPHONEOS_DEPLOYMENT_TARGET = 17.5;
				LOCALIZATION_PREFERS_STRING_CATALOGS = YES;
				MTL_ENABLE_DEBUG_INFO = INCLUDE_SOURCE;
				MTL_FAST_MATH = YES;
				ONLY_ACTIVE_ARCH = YES;
				SDKROOT = iphoneos;
				SWIFT_ACTIVE_COMPILATION_CONDITIONS = "DEBUG $(inherited)";
				SWIFT_OPTIMIZATION_LEVEL = "-Onone";
			};
			name = Debug;
		};
		67355B762C225E7A00136FB7 /* Release */ = {
			isa = XCBuildConfiguration;
			buildSettings = {
				ALWAYS_SEARCH_USER_PATHS = NO;
				ASSETCATALOG_COMPILER_GENERATE_SWIFT_ASSET_SYMBOL_EXTENSIONS = YES;
				CLANG_ANALYZER_NONNULL = YES;
				CLANG_ANALYZER_NUMBER_OBJECT_CONVERSION = YES_AGGRESSIVE;
				CLANG_CXX_LANGUAGE_STANDARD = "gnu++20";
				CLANG_ENABLE_MODULES = YES;
				CLANG_ENABLE_OBJC_ARC = YES;
				CLANG_ENABLE_OBJC_WEAK = YES;
				CLANG_WARN_BLOCK_CAPTURE_AUTORELEASING = YES;
				CLANG_WARN_BOOL_CONVERSION = YES;
				CLANG_WARN_COMMA = YES;
				CLANG_WARN_CONSTANT_CONVERSION = YES;
				CLANG_WARN_DEPRECATED_OBJC_IMPLEMENTATIONS = YES;
				CLANG_WARN_DIRECT_OBJC_ISA_USAGE = YES_ERROR;
				CLANG_WARN_DOCUMENTATION_COMMENTS = YES;
				CLANG_WARN_EMPTY_BODY = YES;
				CLANG_WARN_ENUM_CONVERSION = YES;
				CLANG_WARN_INFINITE_RECURSION = YES;
				CLANG_WARN_INT_CONVERSION = YES;
				CLANG_WARN_NON_LITERAL_NULL_CONVERSION = YES;
				CLANG_WARN_OBJC_IMPLICIT_RETAIN_SELF = YES;
				CLANG_WARN_OBJC_LITERAL_CONVERSION = YES;
				CLANG_WARN_OBJC_ROOT_CLASS = YES_ERROR;
				CLANG_WARN_QUOTED_INCLUDE_IN_FRAMEWORK_HEADER = YES;
				CLANG_WARN_RANGE_LOOP_ANALYSIS = YES;
				CLANG_WARN_STRICT_PROTOTYPES = YES;
				CLANG_WARN_SUSPICIOUS_MOVE = YES;
				CLANG_WARN_UNGUARDED_AVAILABILITY = YES_AGGRESSIVE;
				CLANG_WARN_UNREACHABLE_CODE = YES;
				CLANG_WARN__DUPLICATE_METHOD_MATCH = YES;
				COPY_PHASE_STRIP = NO;
				DEBUG_INFORMATION_FORMAT = "dwarf-with-dsym";
				ENABLE_NS_ASSERTIONS = NO;
				ENABLE_STRICT_OBJC_MSGSEND = YES;
				ENABLE_USER_SCRIPT_SANDBOXING = YES;
				GCC_C_LANGUAGE_STANDARD = gnu17;
				GCC_NO_COMMON_BLOCKS = YES;
				GCC_WARN_64_TO_32_BIT_CONVERSION = YES;
				GCC_WARN_ABOUT_RETURN_TYPE = YES_ERROR;
				GCC_WARN_UNDECLARED_SELECTOR = YES;
				GCC_WARN_UNINITIALIZED_AUTOS = YES_AGGRESSIVE;
				GCC_WARN_UNUSED_FUNCTION = YES;
				GCC_WARN_UNUSED_VARIABLE = YES;
				IPHONEOS_DEPLOYMENT_TARGET = 17.5;
				LOCALIZATION_PREFERS_STRING_CATALOGS = YES;
				MTL_ENABLE_DEBUG_INFO = NO;
				MTL_FAST_MATH = YES;
				SDKROOT = iphoneos;
				SWIFT_COMPILATION_MODE = wholemodule;
				VALIDATE_PRODUCT = YES;
			};
			name = Release;
		};
		67355B782C225E7A00136FB7 /* Debug */ = {
			isa = XCBuildConfiguration;
			buildSettings = {
				ASSETCATALOG_COMPILER_APPICON_NAME = AppIcon;
				ASSETCATALOG_COMPILER_GLOBAL_ACCENT_COLOR_NAME = AccentColor;
				CODE_SIGN_ENTITLEMENTS = SunShield/SunShieldDebug.entitlements;
				CODE_SIGN_STYLE = Automatic;
				CURRENT_PROJECT_VERSION = 1;
				DEVELOPMENT_ASSET_PATHS = "\"SunShield/Preview Content\"";
				DEVELOPMENT_TEAM = 5223SVKWJP;
				ENABLE_PREVIEWS = YES;
				GENERATE_INFOPLIST_FILE = YES;
				INFOPLIST_FILE = SunShield/Info.plist;
				INFOPLIST_KEY_LSApplicationCategoryType = "";
				INFOPLIST_KEY_NSLocationAlwaysAndWhenInUseUsageDescription = "We need to access your location to provide accurate UV index information and timely sunscreen reapplication reminders for your current area.";
				INFOPLIST_KEY_NSLocationWhenInUseUsageDescription = "We need to access your location to provide accurate UV index information and timely sunscreen reapplication reminders for your current area.";
				INFOPLIST_KEY_UIApplicationSceneManifest_Generation = YES;
				INFOPLIST_KEY_UIApplicationSupportsIndirectInputEvents = YES;
				INFOPLIST_KEY_UILaunchScreen_Generation = YES;
				INFOPLIST_KEY_UISupportedInterfaceOrientations_iPad = "UIInterfaceOrientationPortrait UIInterfaceOrientationPortraitUpsideDown UIInterfaceOrientationLandscapeLeft UIInterfaceOrientationLandscapeRight";
				INFOPLIST_KEY_UISupportedInterfaceOrientations_iPhone = "UIInterfaceOrientationPortrait UIInterfaceOrientationLandscapeLeft UIInterfaceOrientationLandscapeRight";
				LD_RUNPATH_SEARCH_PATHS = (
					"$(inherited)",
					"@executable_path/Frameworks",
				);
				MARKETING_VERSION = 1.0;
				PRODUCT_BUNDLE_IDENTIFIER = com.example.mauc.SunShield;
				PRODUCT_NAME = "$(TARGET_NAME)";
				SWIFT_EMIT_LOC_STRINGS = YES;
				SWIFT_VERSION = 5.0;
				TARGETED_DEVICE_FAMILY = "1,2";
			};
			name = Debug;
		};
		67355B792C225E7A00136FB7 /* Release */ = {
			isa = XCBuildConfiguration;
			buildSettings = {
				ASSETCATALOG_COMPILER_APPICON_NAME = AppIcon;
				ASSETCATALOG_COMPILER_GLOBAL_ACCENT_COLOR_NAME = AccentColor;
				CODE_SIGN_ENTITLEMENTS = SunShield/SunShield.entitlements;
				CODE_SIGN_STYLE = Automatic;
				CURRENT_PROJECT_VERSION = 1;
				DEVELOPMENT_ASSET_PATHS = "\"SunShield/Preview Content\"";
				DEVELOPMENT_TEAM = 5223SVKWJP;
				ENABLE_PREVIEWS = YES;
				GENERATE_INFOPLIST_FILE = YES;
				INFOPLIST_FILE = SunShield/Info.plist;
				INFOPLIST_KEY_LSApplicationCategoryType = "";
				INFOPLIST_KEY_NSLocationAlwaysAndWhenInUseUsageDescription = "We need to access your location to provide accurate UV index information and timely sunscreen reapplication reminders for your current area.";
				INFOPLIST_KEY_NSLocationWhenInUseUsageDescription = "We need to access your location to provide accurate UV index information and timely sunscreen reapplication reminders for your current area.";
				INFOPLIST_KEY_UIApplicationSceneManifest_Generation = YES;
				INFOPLIST_KEY_UIApplicationSupportsIndirectInputEvents = YES;
				INFOPLIST_KEY_UILaunchScreen_Generation = YES;
				INFOPLIST_KEY_UISupportedInterfaceOrientations_iPad = "UIInterfaceOrientationPortrait UIInterfaceOrientationPortraitUpsideDown UIInterfaceOrientationLandscapeLeft UIInterfaceOrientationLandscapeRight";
				INFOPLIST_KEY_UISupportedInterfaceOrientations_iPhone = "UIInterfaceOrientationPortrait UIInterfaceOrientationLandscapeLeft UIInterfaceOrientationLandscapeRight";
				LD_RUNPATH_SEARCH_PATHS = (
					"$(inherited)",
					"@executable_path/Frameworks",
				);
				MARKETING_VERSION = 1.0;
				PRODUCT_BUNDLE_IDENTIFIER = com.example.mauc.SunShield;
				PRODUCT_NAME = "$(TARGET_NAME)";
				SWIFT_EMIT_LOC_STRINGS = YES;
				SWIFT_VERSION = 5.0;
				TARGETED_DEVICE_FAMILY = "1,2";
			};
			name = Release;
		};
		67D8293B2C34E4160064F6C0 /* Debug */ = {
			isa = XCBuildConfiguration;
			buildSettings = {
				BUNDLE_LOADER = "$(TEST_HOST)";
				CODE_SIGN_STYLE = Automatic;
				CURRENT_PROJECT_VERSION = 1;
				DEVELOPMENT_TEAM = 5223SVKWJP;
				GENERATE_INFOPLIST_FILE = YES;
				MARKETING_VERSION = 1.0;
				PRODUCT_BUNDLE_IDENTIFIER = com.example.mauc.SunShieldTests;
				PRODUCT_NAME = "$(TARGET_NAME)";
				SWIFT_EMIT_LOC_STRINGS = NO;
				SWIFT_VERSION = 5.0;
				TARGETED_DEVICE_FAMILY = "1,2";
				TEST_HOST = "$(BUILT_PRODUCTS_DIR)/SunShield.app/$(BUNDLE_EXECUTABLE_FOLDER_PATH)/SunShield";
			};
			name = Debug;
		};
		67D8293C2C34E4160064F6C0 /* Release */ = {
			isa = XCBuildConfiguration;
			buildSettings = {
				BUNDLE_LOADER = "$(TEST_HOST)";
				CODE_SIGN_STYLE = Automatic;
				CURRENT_PROJECT_VERSION = 1;
				DEVELOPMENT_TEAM = 5223SVKWJP;
				GENERATE_INFOPLIST_FILE = YES;
				MARKETING_VERSION = 1.0;
				PRODUCT_BUNDLE_IDENTIFIER = com.example.mauc.SunShieldTests;
				PRODUCT_NAME = "$(TARGET_NAME)";
				SWIFT_EMIT_LOC_STRINGS = NO;
				SWIFT_VERSION = 5.0;
				TARGETED_DEVICE_FAMILY = "1,2";
				TEST_HOST = "$(BUILT_PRODUCTS_DIR)/SunShield.app/$(BUNDLE_EXECUTABLE_FOLDER_PATH)/SunShield";
			};
			name = Release;
		};
		67D8295A2C3502570064F6C0 /* Debug */ = {
			isa = XCBuildConfiguration;
			buildSettings = {
				CODE_SIGN_STYLE = Automatic;
				CURRENT_PROJECT_VERSION = 1;
				DEVELOPMENT_TEAM = 5223SVKWJP;
				GENERATE_INFOPLIST_FILE = YES;
				MARKETING_VERSION = 1.0;
				PRODUCT_BUNDLE_IDENTIFIER = com.example.mauc.SunShieldUITests;
				PRODUCT_NAME = "$(TARGET_NAME)";
				SWIFT_EMIT_LOC_STRINGS = NO;
				SWIFT_VERSION = 5.0;
				TARGETED_DEVICE_FAMILY = "1,2";
				TEST_TARGET_NAME = SunShield;
			};
			name = Debug;
		};
		67D8295B2C3502570064F6C0 /* Release */ = {
			isa = XCBuildConfiguration;
			buildSettings = {
				CODE_SIGN_STYLE = Automatic;
				CURRENT_PROJECT_VERSION = 1;
				DEVELOPMENT_TEAM = 5223SVKWJP;
				GENERATE_INFOPLIST_FILE = YES;
				MARKETING_VERSION = 1.0;
				PRODUCT_BUNDLE_IDENTIFIER = com.example.mauc.SunShieldUITests;
				PRODUCT_NAME = "$(TARGET_NAME)";
				SWIFT_EMIT_LOC_STRINGS = NO;
				SWIFT_VERSION = 5.0;
				TARGETED_DEVICE_FAMILY = "1,2";
				TEST_TARGET_NAME = SunShield;
			};
			name = Release;
		};
/* End XCBuildConfiguration section */

/* Begin XCConfigurationList section */
		67355B642C225E7900136FB7 /* Build configuration list for PBXProject "SunShield" */ = {
			isa = XCConfigurationList;
			buildConfigurations = (
				67355B752C225E7A00136FB7 /* Debug */,
				67355B762C225E7A00136FB7 /* Release */,
			);
			defaultConfigurationIsVisible = 0;
			defaultConfigurationName = Release;
		};
		67355B772C225E7A00136FB7 /* Build configuration list for PBXNativeTarget "SunShield" */ = {
			isa = XCConfigurationList;
			buildConfigurations = (
				67355B782C225E7A00136FB7 /* Debug */,
				67355B792C225E7A00136FB7 /* Release */,
			);
			defaultConfigurationIsVisible = 0;
			defaultConfigurationName = Release;
		};
		67D8293D2C34E4160064F6C0 /* Build configuration list for PBXNativeTarget "SunShieldTests" */ = {
			isa = XCConfigurationList;
			buildConfigurations = (
				67D8293B2C34E4160064F6C0 /* Debug */,
				67D8293C2C34E4160064F6C0 /* Release */,
			);
			defaultConfigurationIsVisible = 0;
			defaultConfigurationName = Release;
		};
		67D829592C3502570064F6C0 /* Build configuration list for PBXNativeTarget "SunShieldUITests" */ = {
			isa = XCConfigurationList;
			buildConfigurations = (
				67D8295A2C3502570064F6C0 /* Debug */,
				67D8295B2C3502570064F6C0 /* Release */,
			);
			defaultConfigurationIsVisible = 0;
			defaultConfigurationName = Release;
		};
/* End XCConfigurationList section */
	};
	rootObject = 67355B612C225E7900136FB7 /* Project object */;
}
